
Microsoft Visual Studio Solution File, Format Version 12.00
# Visual Studio Version 17
VisualStudioVersion = 17.7.34202.233
MinimumVisualStudioVersion = 10.0.40219.1
Project("{9A19103F-16F7-4668-BE54-9A1E7A4F7556}") = "WatchList", "WatchList\WatchList.csproj", "{634E2103-601A-4BBA-BAB0-9BCD5A73B60E}"
EndProject
Project("{FAE04EC0-301F-11D3-BF4B-00C04F79EFBC}") = "ListeFilms", "ListeFilms\ListeFilms.csproj", "{4A84B802-C618-43AD-96B0-3362C69935DD}"
EndProject
Global
	GlobalSection(SolutionConfigurationPlatforms) = preSolution
		Debug|Any CPU = Debug|Any CPU
		Release|Any CPU = Release|Any CPU
	EndGlobalSection
	GlobalSection(ProjectConfigurationPlatforms) = postSolution
		{634E2103-601A-4BBA-BAB0-9BCD5A73B60E}.Debug|Any CPU.ActiveCfg = Debug|Any CPU
		{634E2103-601A-4BBA-BAB0-9BCD5A73B60E}.Debug|Any CPU.Build.0 = Debug|Any CPU
		{634E2103-601A-4BBA-BAB0-9BCD5A73B60E}.Release|Any CPU.ActiveCfg = Release|Any CPU
		{634E2103-601A-4BBA-BAB0-9BCD5A73B60E}.Release|Any CPU.Build.0 = Release|Any CPU
		{4A84B802-C618-43AD-96B0-3362C69935DD}.Debug|Any CPU.ActiveCfg = Debug|Any CPU
		{4A84B802-C618-43AD-96B0-3362C69935DD}.Debug|Any CPU.Build.0 = Debug|Any CPU
		{4A84B802-C618-43AD-96B0-3362C69935DD}.Release|Any CPU.ActiveCfg = Release|Any CPU
		{4A84B802-C618-43AD-96B0-3362C69935DD}.Release|Any CPU.Build.0 = Release|Any CPU
	EndGlobalSection
	GlobalSection(SolutionProperties) = preSolution
		HideSolutionNode = FALSE
	EndGlobalSection
	GlobalSection(ExtensibilityGlobals) = postSolution
		SolutionGuid = {1CAAE75B-B7EE-4C50-B4A8-EC7D5977D16C}
	EndGlobalSection
EndGlobal
